
Microsoft Visual Studio Solution File, Format Version 12.00
# Visual Studio Version 17
VisualStudioVersion = 17.4.33403.182
MinimumVisualStudioVersion = 10.0.40219.1
Project("{FAE04EC0-301F-11D3-BF4B-00C04F79EFBC}") = "Nns.Orders.WebApi", "Nns.Orders.WebApi\Nns.Orders.WebApi.csproj", "{D5FB904A-99CA-4A14-A8FB-8A51DE73A6C2}"
EndProject
Project("{FAE04EC0-301F-11D3-BF4B-00C04F79EFBC}") = "Nns.Orders.Infrastructure", "Nns.Orders.Infrastructure\Nns.Orders.Infrastructure.csproj", "{8376C9FE-E94A-4E00-BA15-47ED5437B0A3}"
EndProject
Project("{FAE04EC0-301F-11D3-BF4B-00C04F79EFBC}") = "Nns.Orders.Logic", "Nns.Orders.Logic\Nns.Orders.Logic.csproj", "{5368E829-78CE-410E-B126-8CABCFD59517}"
EndProject
Project("{FAE04EC0-301F-11D3-BF4B-00C04F79EFBC}") = "Nns.Orders.Interfaces", "Nns.Orders.Interfaces\Nns.Orders.Interfaces.csproj", "{60C9C48C-5788-437C-B759-6DDB5164DF63}"
EndProject
Project("{FAE04EC0-301F-11D3-BF4B-00C04F79EFBC}") = "Nns.Orders.Domain", "Nns.Orders.Domain\Nns.Orders.Domain.csproj", "{3A1A98F4-7028-4B4B-B3D5-C4EDCD6B540D}"
	ProjectSection(ProjectDependencies) = postProject
		{D2AC1324-93C8-4990-B740-39834B7AF276} = {D2AC1324-93C8-4990-B740-39834B7AF276}
	EndProjectSection
EndProject
Project("{FAE04EC0-301F-11D3-BF4B-00C04F79EFBC}") = "Nns.Orders.Common", "Nns.Orders.Common\Nns.Orders.Common.csproj", "{D2AC1324-93C8-4990-B740-39834B7AF276}"
EndProject
Global
	GlobalSection(SolutionConfigurationPlatforms) = preSolution
		Debug|Any CPU = Debug|Any CPU
		Release|Any CPU = Release|Any CPU
	EndGlobalSection
	GlobalSection(ProjectConfigurationPlatforms) = postSolution
		{D5FB904A-99CA-4A14-A8FB-8A51DE73A6C2}.Debug|Any CPU.ActiveCfg = Debug|Any CPU
		{D5FB904A-99CA-4A14-A8FB-8A51DE73A6C2}.Debug|Any CPU.Build.0 = Debug|Any CPU
		{D5FB904A-99CA-4A14-A8FB-8A51DE73A6C2}.Release|Any CPU.ActiveCfg = Release|Any CPU
		{D5FB904A-99CA-4A14-A8FB-8A51DE73A6C2}.Release|Any CPU.Build.0 = Release|Any CPU
		{8376C9FE-E94A-4E00-BA15-47ED5437B0A3}.Debug|Any CPU.ActiveCfg = Debug|Any CPU
		{8376C9FE-E94A-4E00-BA15-47ED5437B0A3}.Debug|Any CPU.Build.0 = Debug|Any CPU
		{8376C9FE-E94A-4E00-BA15-47ED5437B0A3}.Release|Any CPU.ActiveCfg = Release|Any CPU
		{8376C9FE-E94A-4E00-BA15-47ED5437B0A3}.Release|Any CPU.Build.0 = Release|Any CPU
		{5368E829-78CE-410E-B126-8CABCFD59517}.Debug|Any CPU.ActiveCfg = Debug|Any CPU
		{5368E829-78CE-410E-B126-8CABCFD59517}.Debug|Any CPU.Build.0 = Debug|Any CPU
		{5368E829-78CE-410E-B126-8CABCFD59517}.Release|Any CPU.ActiveCfg = Release|Any CPU
		{5368E829-78CE-410E-B126-8CABCFD59517}.Release|Any CPU.Build.0 = Release|Any CPU
		{60C9C48C-5788-437C-B759-6DDB5164DF63}.Debug|Any CPU.ActiveCfg = Debug|Any CPU
		{60C9C48C-5788-437C-B759-6DDB5164DF63}.Debug|Any CPU.Build.0 = Debug|Any CPU
		{60C9C48C-5788-437C-B759-6DDB5164DF63}.Release|Any CPU.ActiveCfg = Release|Any CPU
		{60C9C48C-5788-437C-B759-6DDB5164DF63}.Release|Any CPU.Build.0 = Release|Any CPU
		{3A1A98F4-7028-4B4B-B3D5-C4EDCD6B540D}.Debug|Any CPU.ActiveCfg = Debug|Any CPU
		{3A1A98F4-7028-4B4B-B3D5-C4EDCD6B540D}.Debug|Any CPU.Build.0 = Debug|Any CPU
		{3A1A98F4-7028-4B4B-B3D5-C4EDCD6B540D}.Release|Any CPU.ActiveCfg = Release|Any CPU
		{3A1A98F4-7028-4B4B-B3D5-C4EDCD6B540D}.Release|Any CPU.Build.0 = Release|Any CPU
		{D2AC1324-93C8-4990-B740-39834B7AF276}.Debug|Any CPU.ActiveCfg = Debug|Any CPU
		{D2AC1324-93C8-4990-B740-39834B7AF276}.Debug|Any CPU.Build.0 = Debug|Any CPU
		{D2AC1324-93C8-4990-B740-39834B7AF276}.Release|Any CPU.ActiveCfg = Release|Any CPU
		{D2AC1324-93C8-4990-B740-39834B7AF276}.Release|Any CPU.Build.0 = Release|Any CPU
	EndGlobalSection
	GlobalSection(SolutionProperties) = preSolution
		HideSolutionNode = FALSE
	EndGlobalSection
	GlobalSection(ExtensibilityGlobals) = postSolution
		SolutionGuid = {CC3D18B6-10BD-41AC-9A9C-6EB1BB0BED4F}
	EndGlobalSection
EndGlobal
